
Microsoft Visual Studio Solution File, Format Version 12.00
# Visual Studio Version 16
VisualStudioVersion = 16.0.30907.101
MinimumVisualStudioVersion = 10.0.40219.1
Project("{FAE04EC0-301F-11D3-BF4B-00C04F79EFBC}") = "RestoApp", "RestoApp\RestoApp.csproj", "{ED80799E-512F-4ECB-A374-3EE243FCF17E}"
EndProject
Global
	GlobalSection(SolutionConfigurationPlatforms) = preSolution
		Debug|Any CPU = Debug|Any CPU
		Release|Any CPU = Release|Any CPU
	EndGlobalSection
	GlobalSection(ProjectConfigurationPlatforms) = postSolution
		{ED80799E-512F-4ECB-A374-3EE243FCF17E}.Debug|Any CPU.ActiveCfg = Debug|Any CPU
		{ED80799E-512F-4ECB-A374-3EE243FCF17E}.Debug|Any CPU.Build.0 = Debug|Any CPU
		{ED80799E-512F-4ECB-A374-3EE243FCF17E}.Release|Any CPU.ActiveCfg = Release|Any CPU
		{ED80799E-512F-4ECB-A374-3EE243FCF17E}.Release|Any CPU.Build.0 = Release|Any CPU
	EndGlobalSection
	GlobalSection(SolutionProperties) = preSolution
		HideSolutionNode = FALSE
	EndGlobalSection
	GlobalSection(ExtensibilityGlobals) = postSolution
		SolutionGuid = {088ACBC3-F266-4FDA-881F-65A898FAA646}
	EndGlobalSection
EndGlobal
